
Microsoft Visual Studio Solution File, Format Version 12.00
# Visual Studio Version 16
VisualStudioVersion = 16.0.31729.503
MinimumVisualStudioVersion = 10.0.40219.1
Project("{FAE04EC0-301F-11D3-BF4B-00C04F79EFBC}") = "mtfullstacktest", "mtfullstacktest\mtfullstacktest.csproj", "{0C8CD436-B54C-4314-BA16-55CEC51E87A3}"
EndProject
Global
	GlobalSection(SolutionConfigurationPlatforms) = preSolution
		Debug|Any CPU = Debug|Any CPU
		Release|Any CPU = Release|Any CPU
	EndGlobalSection
	GlobalSection(ProjectConfigurationPlatforms) = postSolution
		{0C8CD436-B54C-4314-BA16-55CEC51E87A3}.Debug|Any CPU.ActiveCfg = Debug|Any CPU
		{0C8CD436-B54C-4314-BA16-55CEC51E87A3}.Debug|Any CPU.Build.0 = Debug|Any CPU
		{0C8CD436-B54C-4314-BA16-55CEC51E87A3}.Release|Any CPU.ActiveCfg = Release|Any CPU
		{0C8CD436-B54C-4314-BA16-55CEC51E87A3}.Release|Any CPU.Build.0 = Release|Any CPU
	EndGlobalSection
	GlobalSection(SolutionProperties) = preSolution
		HideSolutionNode = FALSE
	EndGlobalSection
	GlobalSection(ExtensibilityGlobals) = postSolution
		SolutionGuid = {AF95A303-4B34-4A8B-B4FF-548B2C62DECC}
	EndGlobalSection
EndGlobal
